
Microsoft Visual Studio Solution File, Format Version 12.00
# Visual Studio 14
VisualStudioVersion = 14.0.23107.0
MinimumVisualStudioVersion = 10.0.40219.1
Project("{FAE04EC0-301F-11D3-BF4B-00C04F79EFBC}") = "TuDien", "TuDien\TuDien.csproj", "{D0CA5A99-D562-44F1-B1F2-385F2753DE31}"
EndProject
Project("{FAE04EC0-301F-11D3-BF4B-00C04F79EFBC}") = "TestTuDien", "TestTuDien\TestTuDien.csproj", "{33166F06-7581-4158-8A8A-2F4FBC59B1BD}"
EndProject
Global
	GlobalSection(SolutionConfigurationPlatforms) = preSolution
		Debug|Any CPU = Debug|Any CPU
		Release|Any CPU = Release|Any CPU
	EndGlobalSection
	GlobalSection(ProjectConfigurationPlatforms) = postSolution
		{D0CA5A99-D562-44F1-B1F2-385F2753DE31}.Debug|Any CPU.ActiveCfg = Debug|Any CPU
		{D0CA5A99-D562-44F1-B1F2-385F2753DE31}.Debug|Any CPU.Build.0 = Debug|Any CPU
		{D0CA5A99-D562-44F1-B1F2-385F2753DE31}.Release|Any CPU.ActiveCfg = Release|Any CPU
		{D0CA5A99-D562-44F1-B1F2-385F2753DE31}.Release|Any CPU.Build.0 = Release|Any CPU
		{33166F06-7581-4158-8A8A-2F4FBC59B1BD}.Debug|Any CPU.ActiveCfg = Debug|Any CPU
		{33166F06-7581-4158-8A8A-2F4FBC59B1BD}.Debug|Any CPU.Build.0 = Debug|Any CPU
		{33166F06-7581-4158-8A8A-2F4FBC59B1BD}.Release|Any CPU.ActiveCfg = Release|Any CPU
		{33166F06-7581-4158-8A8A-2F4FBC59B1BD}.Release|Any CPU.Build.0 = Release|Any CPU
	EndGlobalSection
	GlobalSection(SolutionProperties) = preSolution
		HideSolutionNode = FALSE
	EndGlobalSection
EndGlobal
